{
  "config_payload": "{\"host_address\":\"0.0.0.0:8080\",\"max_stdout_bytes\":65536,\"guest_fuel_budget\":500000000,\"guest_memory_limit_bytes\":67108864,\"resource_limit_response\":\"Execution trapped: Resource limit exceeded\",\"batch_targets\":[{\"name\":\"gc-job\",\"module\":\"system-faas-gc\",\"env\":{\"TARGET_DIR\":\"/cache\",\"TTL_SECONDS\":\"300\"},\"volumes\":[{\"host_path\":\"artifacts/test-cache\",\"guest_path\":\"/cache\",\"readonly\":false}]}],\"routes\":[{\"path\":\"/metrics\",\"role\":\"system\",\"name\":\"metrics\",\"min_instances\":0,\"max_concurrency\":100,\"version\":\"0.0.0\",\"dependencies\":{}},{\"path\":\"/system/logger\",\"role\":\"system\",\"name\":\"system-faas-logger\",\"min_instances\":0,\"max_concurrency\":100,\"volumes\":[{\"host_path\":\"artifacts/guest-logs\",\"guest_path\":\"/app/data\",\"readonly\":false}],\"version\":\"0.0.0\",\"dependencies\":{}}],\"resources\":{\"legacy-service\":{\"type\":\"external\",\"target\":\"http://legacy-service:8081\",\"allowed_methods\":[\"GET\"]}}}",
  "public_key": "b4d4ac4c0eab9fa67b62835cc1f4f583c7ef64df935d8a089ed25e7d6ab0070f",
  "signature": "b6cb4eb1865d28cd8a2e4e81988ee1b9e48098f504f23f1b1e9dff80131bfab4b0012848b4fe107597374fb2c027e82a5e4c5499664e24b4c38f3221809cc106"
}
